{
  "name": "data-importer-app",
  "version": "1.0.0",
  "lockfileVersion": 3,
  "requires": true,
  "packages": {
    "": {
      "name": "data-importer-app",
      "version": "1.0.0",
      "dependencies": {
        "csv-parser": "^3.0.0",
        "dotenv": "^16.3.1",
        "esdk-obs-nodejs": "^3.23.2",
        "mysql2": "^3.6.5"
      }
    },
    "node_modules/csv-parser": {
      "version": "3.0.0",
      "resolved": "https://registry.npmjs.org/csv-parser/-/csv-parser-3.0.0.tgz",
      "integrity": "<SHA-512_Hash_for_csv-parser>",
      "dependencies": {
        "csv-string": "^1.1.0"
      }
      // ... plus all its sub-dependencies (like csv-string)
    },
    "node_modules/dotenv": {
      "version": "16.3.1",
      "resolved": "https://registry.npmjs.org/dotenv/-/dotenv-16.3.1.tgz",
      "integrity": "<SHA-512_Hash_for_dotenv>",
      "engines": {
        "node": ">=12"
      }
    },
    "node_modules/esdk-obs-nodejs": {
      "version": "3.23.2",
      "resolved": "https://registry.npmjs.org/esdk-obs-nodejs/-/esdk-obs-nodejs-3.23.2.tgz",
      "integrity": "<SHA-512_Hash_for_esdk-obs-nodejs>",
      "dependencies": {
        "axios": "^0.21.1",
        "crypto-js": "^4.0.0",
        "xml2js": "^0.4.19"
      }
      // ... plus all its sub-dependencies (axios, crypto-js, etc.)
    },
    "node_modules/mysql2": {
      "version": "3.6.5",
      "resolved": "https://registry.npmjs.org/mysql2/-/mysql2-3.6.5.tgz",
      "integrity": "<SHA-512_Hash_for_mysql2>",
      "dependencies": {
        "denque": "^2.1.0",
        "iconv-lite": "^0.6.3",
        "long": "^5.2.3"
      }
      // ... plus all its sub-dependencies (denque, iconv-lite, long, etc.)
    }
    // ... hundreds of entries for all nested dependencies ...
  }
}